// !$*UTF8*$!
{
	archiveVersion = 1;
	classes = {
	};
	objectVersion = 50;
	objects = {

/* Begin PBXBuildFile section */
		9C95EA5923084A200004B2F8 /* AppDelegate.swift in Sources */ = {isa = PBXBuildFile; fileRef = 9C95EA5823084A200004B2F8 /* AppDelegate.swift */; };
		9C95EA5B23084A200004B2F8 /* ViewController.swift in Sources */ = {isa = PBXBuildFile; fileRef = 9C95EA5A23084A200004B2F8 /* ViewController.swift */; };
		9C95EA5E23084A200004B2F8 /* Main.storyboard in Resources */ = {isa = PBXBuildFile; fileRef = 9C95EA5C23084A200004B2F8 /* Main.storyboard */; };
		9C95EA6023084A210004B2F8 /* Assets.xcassets in Resources */ = {isa = PBXBuildFile; fileRef = 9C95EA5F23084A210004B2F8 /* Assets.xcassets */; };
		9C95EA6323084A210004B2F8 /* LaunchScreen.storyboard in Resources */ = {isa = PBXBuildFile; fileRef = 9C95EA6123084A210004B2F8 /* LaunchScreen.storyboard */; };
		9C95EA6B23084A5A0004B2F8 /* GenericTableHandler.swift in Sources */ = {isa = PBXBuildFile; fileRef = 9C95EA6A23084A5A0004B2F8 /* GenericTableHandler.swift */; };
		9C95EA6F23084C1B0004B2F8 /* CustomTableCell.swift in Sources */ = {isa = PBXBuildFile; fileRef = 9C95EA6D23084C1B0004B2F8 /* CustomTableCell.swift */; };
		9C95EA7023084C1B0004B2F8 /* CustomTableCell.xib in Resources */ = {isa = PBXBuildFile; fileRef = 9C95EA6E23084C1B0004B2F8 /* CustomTableCell.xib */; };
/* End PBXBuildFile section */

/* Begin PBXFileReference section */
		9C95EA5523084A200004B2F8 /* GenrricTableViewDemo.app */ = {isa = PBXFileReference; explicitFileType = wrapper.application; includeInIndex = 0; path = GenrricTableViewDemo.app; sourceTree = BUILT_PRODUCTS_DIR; };
		9C95EA5823084A200004B2F8 /* AppDelegate.swift */ = {isa = PBXFileReference; lastKnownFileType = sourcecode.swift; path = AppDelegate.swift; sourceTree = "<group>"; };
		9C95EA5A23084A200004B2F8 /* ViewController.swift */ = {isa = PBXFileReference; lastKnownFileType = sourcecode.swift; path = ViewController.swift; sourceTree = "<group>"; };
		9C95EA5D23084A200004B2F8 /* Base */ = {isa = PBXFileReference; lastKnownFileType = file.storyboard; name = Base; path = Base.lproj/Main.storyboard; sourceTree = "<group>"; };
		9C95EA5F23084A210004B2F8 /* Assets.xcassets */ = {isa = PBXFileReference; lastKnownFileType = folder.assetcatalog; path = Assets.xcassets; sourceTree = "<group>"; };
		9C95EA6223084A210004B2F8 /* Base */ = {isa = PBXFileReference; lastKnownFileType = file.storyboard; name = Base; path = Base.lproj/LaunchScreen.storyboard; sourceTree = "<group>"; };
		9C95EA6423084A210004B2F8 /* Info.plist */ = {isa = PBXFileReference; lastKnownFileType = text.plist.xml; path = Info.plist; sourceTree = "<group>"; };
		9C95EA6A23084A5A0004B2F8 /* GenericTableHandler.swift */ = {isa = PBXFileReference; lastKnownFileType = sourcecode.swift; path = GenericTableHandler.swift; sourceTree = "<group>"; };
		9C95EA6D23084C1B0004B2F8 /* CustomTableCell.swift */ = {isa = PBXFileReference; lastKnownFileType = sourcecode.swift; path = CustomTableCell.swift; sourceTree = "<group>"; };
		9C95EA6E23084C1B0004B2F8 /* CustomTableCell.xib */ = {isa = PBXFileReference; lastKnownFileType = file.xib; path = CustomTableCell.xib; sourceTree = "<group>"; };
/* End PBXFileReference section */

/* Begin PBXFrameworksBuildPhase section */
		9C95EA5223084A200004B2F8 /* Frameworks */ = {
			isa = PBXFrameworksBuildPhase;
			buildActionMask = 2147483647;
			files = (
			);
			runOnlyForDeploymentPostprocessing = 0;
		};
/* End PBXFrameworksBuildPhase section */

/* Begin PBXGroup section */
		9C95EA4C23084A200004B2F8 = {
			isa = PBXGroup;
			children = (
				9C95EA5723084A200004B2F8 /* GenrricTableViewDemo */,
				9C95EA5623084A200004B2F8 /* Products */,
			);
			sourceTree = "<group>";
		};
		9C95EA5623084A200004B2F8 /* Products */ = {
			isa = PBXGroup;
			children = (
				9C95EA5523084A200004B2F8 /* GenrricTableViewDemo.app */,
			);
			name = Products;
			sourceTree = "<group>";
		};
		9C95EA5723084A200004B2F8 /* GenrricTableViewDemo */ = {
			isa = PBXGroup;
			children = (
				9C95EA5823084A200004B2F8 /* AppDelegate.swift */,
				9C95EA6C23084BFF0004B2F8 /* TableCells */,
				9C95EA6A23084A5A0004B2F8 /* GenericTableHandler.swift */,
				9C95EA5A23084A200004B2F8 /* ViewController.swift */,
				9C95EA5C23084A200004B2F8 /* Main.storyboard */,
				9C95EA5F23084A210004B2F8 /* Assets.xcassets */,
				9C95EA6123084A210004B2F8 /* LaunchScreen.storyboard */,
				9C95EA6423084A210004B2F8 /* Info.plist */,
			);
			path = GenrricTableViewDemo;
			sourceTree = "<group>";
		};
		9C95EA6C23084BFF0004B2F8 /* TableCells */ = {
			isa = PBXGroup;
			children = (
				9C95EA6D23084C1B0004B2F8 /* CustomTableCell.swift */,
				9C95EA6E23084C1B0004B2F8 /* CustomTableCell.xib */,
			);
			path = TableCells;
			sourceTree = "<group>";
		};
/* End PBXGroup section */

/* Begin PBXNativeTarget section */
		9C95EA5423084A200004B2F8 /* GenrricTableViewDemo */ = {
			isa = PBXNativeTarget;
			buildConfigurationList = 9C95EA6723084A210004B2F8 /* Build configuration list for PBXNativeTarget "GenrricTableViewDemo" */;
			buildPhases = (
				9C95EA5123084A200004B2F8 /* Sources */,
				9C95EA5223084A200004B2F8 /* Frameworks */,
				9C95EA5323084A200004B2F8 /* Resources */,
			);
			buildRules = (
			);
			dependencies = (
			);
			name = GenrricTableViewDemo;
			productName = GenrricTableViewDemo;
			productReference = 9C95EA5523084A200004B2F8 /* GenrricTableViewDemo.app */;
			productType = "com.apple.product-type.application";
		};
/* End PBXNativeTarget section */

/* Begin PBXProject section */
		9C95EA4D23084A200004B2F8 /* Project object */ = {
			isa = PBXProject;
			attributes = {
				LastSwiftUpdateCheck = 1010;
				LastUpgradeCheck = 1010;
				ORGANIZATIONNAME = Coder;
				TargetAttributes = {
					9C95EA5423084A200004B2F8 = {
						CreatedOnToolsVersion = 10.1;
					};
				};
			};
			buildConfigurationList = 9C95EA5023084A200004B2F8 /* Build configuration list for PBXProject "GenrricTableViewDemo" */;
			compatibilityVersion = "Xcode 9.3";
			developmentRegion = en;
			hasScannedForEncodings = 0;
			knownRegions = (
				en,
				Base,
			);
			mainGroup = 9C95EA4C23084A200004B2F8;
			productRefGroup = 9C95EA5623084A200004B2F8 /* Products */;
			projectDirPath = "";
			projectRoot = "";
			targets = (
				9C95EA5423084A200004B2F8 /* GenrricTableViewDemo */,
			);
		};
/* End PBXProject section */

/* Begin PBXResourcesBuildPhase section */
		9C95EA5323084A200004B2F8 /* Resources */ = {
			isa = PBXResourcesBuildPhase;
			buildActionMask = 2147483647;
			files = (
				9C95EA6323084A210004B2F8 /* LaunchScreen.storyboard in Resources */,
				9C95EA6023084A210004B2F8 /* Assets.xcassets in Resources */,
				9C95EA5E23084A200004B2F8 /* Main.storyboard in Resources */,
				9C95EA7023084C1B0004B2F8 /* CustomTableCell.xib in Resources */,
			);
			runOnlyForDeploymentPostprocessing = 0;
		};
/* End PBXResourcesBuildPhase section */

/* Begin PBXSourcesBuildPhase section */
		9C95EA5123084A200004B2F8 /* Sources */ = {
			isa = PBXSourcesBuildPhase;
			buildActionMask = 2147483647;
			files = (
				9C95EA5B23084A200004B2F8 /* ViewController.swift in Sources */,
				9C95EA5923084A200004B2F8 /* AppDelegate.swift in Sources */,
				9C95EA6B23084A5A0004B2F8 /* GenericTableHandler.swift in Sources */,
				9C95EA6F23084C1B0004B2F8 /* CustomTableCell.swift in Sources */,
			);
			runOnlyForDeploymentPostprocessing = 0;
		};
/* End PBXSourcesBuildPhase section */

/* Begin PBXVariantGroup section */
		9C95EA5C23084A200004B2F8 /* Main.storyboard */ = {
			isa = PBXVariantGroup;
			children = (
				9C95EA5D23084A200004B2F8 /* Base */,
			);
			name = Main.storyboard;
			sourceTree = "<group>";
		};
		9C95EA6123084A210004B2F8 /* LaunchScreen.storyboard */ = {
			isa = PBXVariantGroup;
			children = (
				9C95EA6223084A210004B2F8 /* Base */,
			);
			name = LaunchScreen.storyboard;
			sourceTree = "<group>";
		};
/* End PBXVariantGroup section */

/* Begin XCBuildConfiguration section */
		9C95EA6523084A210004B2F8 /* Debug */ = {
			isa = XCBuildConfiguration;
			buildSettings = {
				ALWAYS_SEARCH_USER_PATHS = NO;
				CLANG_ANALYZER_NONNULL = YES;
				CLANG_ANALYZER_NUMBER_OBJECT_CONVERSION = YES_AGGRESSIVE;
				CLANG_CXX_LANGUAGE_STANDARD = "gnu++14";
				CLANG_CXX_LIBRARY = "libc++";
				CLANG_ENABLE_MODULES = YES;
				CLANG_ENABLE_OBJC_ARC = YES;
				CLANG_ENABLE_OBJC_WEAK = YES;
				CLANG_WARN_BLOCK_CAPTURE_AUTORELEASING = YES;
				CLANG_WARN_BOOL_CONVERSION = YES;
				CLANG_WARN_COMMA = YES;
				CLANG_WARN_CONSTANT_CONVERSION = YES;
				CLANG_WARN_DEPRECATED_OBJC_IMPLEMENTATIONS = YES;
				CLANG_WARN_DIRECT_OBJC_ISA_USAGE = YES_ERROR;
				CLANG_WARN_DOCUMENTATION_COMMENTS = YES;
				CLANG_WARN_EMPTY_BODY = YES;
				CLANG_WARN_ENUM_CONVERSION = YES;
				CLANG_WARN_INFINITE_RECURSION = YES;
				CLANG_WARN_INT_CONVERSION = YES;
				CLANG_WARN_NON_LITERAL_NULL_CONVERSION = YES;
				CLANG_WARN_OBJC_IMPLICIT_RETAIN_SELF = YES;
				CLANG_WARN_OBJC_LITERAL_CONVERSION = YES;
				CLANG_WARN_OBJC_ROOT_CLASS = YES_ERROR;
				CLANG_WARN_RANGE_LOOP_ANALYSIS = YES;
				CLANG_WARN_STRICT_PROTOTYPES = YES;
				CLANG_WARN_SUSPICIOUS_MOVE = YES;
				CLANG_WARN_UNGUARDED_AVAILABILITY = YES_AGGRESSIVE;
				CLANG_WARN_UNREACHABLE_CODE = YES;
				CLANG_WARN__DUPLICATE_METHOD_MATCH = YES;
				CODE_SIGN_IDENTITY = "iPhone Developer";
				COPY_PHASE_STRIP = NO;
				DEBUG_INFORMATION_FORMAT = dwarf;
				ENABLE_STRICT_OBJC_MSGSEND = YES;
				ENABLE_TESTABILITY = YES;
				GCC_C_LANGUAGE_STANDARD = gnu11;
				GCC_DYNAMIC_NO_PIC = NO;
				GCC_NO_COMMON_BLOCKS = YES;
				GCC_OPTIMIZATION_LEVEL = 0;
				GCC_PREPROCESSOR_DEFINITIONS = (
					"DEBUG=1",
					"$(inherited)",
				);
				GCC_WARN_64_TO_32_BIT_CONVERSION = YES;
				GCC_WARN_ABOUT_RETURN_TYPE = YES_ERROR;
				GCC_WARN_UNDECLARED_SELECTOR = YES;
				GCC_WARN_UNINITIALIZED_AUTOS = YES_AGGRESSIVE;
				GCC_WARN_UNUSED_FUNCTION = YES;
				GCC_WARN_UNUSED_VARIABLE = YES;
				IPHONEOS_DEPLOYMENT_TARGET = 12.1;
				MTL_ENABLE_DEBUG_INFO = INCLUDE_SOURCE;
				MTL_FAST_MATH = YES;
				ONLY_ACTIVE_ARCH = YES;
				SDKROOT = iphoneos;
				SWIFT_ACTIVE_COMPILATION_CONDITIONS = DEBUG;
				SWIFT_OPTIMIZATION_LEVEL = "-Onone";
			};
			name = Debug;
		};
		9C95EA6623084A210004B2F8 /* Release */ = {
			isa = XCBuildConfiguration;
			buildSettings = {
				ALWAYS_SEARCH_USER_PATHS = NO;
				CLANG_ANALYZER_NONNULL = YES;
				CLANG_ANALYZER_NUMBER_OBJECT_CONVERSION = YES_AGGRESSIVE;
				CLANG_CXX_LANGUAGE_STANDARD = "gnu++14";
				CLANG_CXX_LIBRARY = "libc++";
				CLANG_ENABLE_MODULES = YES;
				CLANG_ENABLE_OBJC_ARC = YES;
				CLANG_ENABLE_OBJC_WEAK = YES;
				CLANG_WARN_BLOCK_CAPTURE_AUTORELEASING = YES;
				CLANG_WARN_BOOL_CONVERSION = YES;
				CLANG_WARN_COMMA = YES;
				CLANG_WARN_CONSTANT_CONVERSION = YES;
				CLANG_WARN_DEPRECATED_OBJC_IMPLEMENTATIONS = YES;
				CLANG_WARN_DIRECT_OBJC_ISA_USAGE = YES_ERROR;
				CLANG_WARN_DOCUMENTATION_COMMENTS = YES;
				CLANG_WARN_EMPTY_BODY = YES;
				CLANG_WARN_ENUM_CONVERSION = YES;
				CLANG_WARN_INFINITE_RECURSION = YES;
				CLANG_WARN_INT_CONVERSION = YES;
				CLANG_WARN_NON_LITERAL_NULL_CONVERSION = YES;
				CLANG_WARN_OBJC_IMPLICIT_RETAIN_SELF = YES;
				CLANG_WARN_OBJC_LITERAL_CONVERSION = YES;
				CLANG_WARN_OBJC_ROOT_CLASS = YES_ERROR;
				CLANG_WARN_RANGE_LOOP_ANALYSIS = YES;
				CLANG_WARN_STRICT_PROTOTYPES = YES;
				CLANG_WARN_SUSPICIOUS_MOVE = YES;
				CLANG_WARN_UNGUARDED_AVAILABILITY = YES_AGGRESSIVE;
				CLANG_WARN_UNREACHABLE_CODE = YES;
				CLANG_WARN__DUPLICATE_METHOD_MATCH = YES;
				CODE_SIGN_IDENTITY = "iPhone Developer";
				COPY_PHASE_STRIP = NO;
				DEBUG_INFORMATION_FORMAT = "dwarf-with-dsym";
				ENABLE_NS_ASSERTIONS = NO;
				ENABLE_STRICT_OBJC_MSGSEND = YES;
				GCC_C_LANGUAGE_STANDARD = gnu11;
				GCC_NO_COMMON_BLOCKS = YES;
				GCC_WARN_64_TO_32_BIT_CONVERSION = YES;
				GCC_WARN_ABOUT_RETURN_TYPE = YES_ERROR;
				GCC_WARN_UNDECLARED_SELECTOR = YES;
				GCC_WARN_UNINITIALIZED_AUTOS = YES_AGGRESSIVE;
				GCC_WARN_UNUSED_FUNCTION = YES;
				GCC_WARN_UNUSED_VARIABLE = YES;
				IPHONEOS_DEPLOYMENT_TARGET = 12.1;
				MTL_ENABLE_DEBUG_INFO = NO;
				MTL_FAST_MATH = YES;
				SDKROOT = iphoneos;
				SWIFT_COMPILATION_MODE = wholemodule;
				SWIFT_OPTIMIZATION_LEVEL = "-O";
				VALIDATE_PRODUCT = YES;
			};
			name = Release;
		};
		9C95EA6823084A210004B2F8 /* Debug */ = {
			isa = XCBuildConfiguration;
			buildSettings = {
				ASSETCATALOG_COMPILER_APPICON_NAME = AppIcon;
				CODE_SIGN_STYLE = Automatic;
				INFOPLIST_FILE = GenrricTableViewDemo/Info.plist;
				LD_RUNPATH_SEARCH_PATHS = (
					"$(inherited)",
					"@executable_path/Frameworks",
				);
				PRODUCT_BUNDLE_IDENTIFIER = com.coder.Mukul.GenrricTableViewDemo;
				PRODUCT_NAME = "$(TARGET_NAME)";
				SWIFT_VERSION = 4.2;
				TARGETED_DEVICE_FAMILY = "1,2";
			};
			name = Debug;
		};
		9C95EA6923084A210004B2F8 /* Release */ = {
			isa = XCBuildConfiguration;
			buildSettings = {
				ASSETCATALOG_COMPILER_APPICON_NAME = AppIcon;
				CODE_SIGN_STYLE = Automatic;
				INFOPLIST_FILE = GenrricTableViewDemo/Info.plist;
				LD_RUNPATH_SEARCH_PATHS = (
					"$(inherited)",
					"@executable_path/Frameworks",
				);
				PRODUCT_BUNDLE_IDENTIFIER = com.coder.Mukul.GenrricTableViewDemo;
				PRODUCT_NAME = "$(TARGET_NAME)";
				SWIFT_VERSION = 4.2;
				TARGETED_DEVICE_FAMILY = "1,2";
			};
			name = Release;
		};
/* End XCBuildConfiguration section */

/* Begin XCConfigurationList section */
		9C95EA5023084A200004B2F8 /* Build configuration list for PBXProject "GenrricTableViewDemo" */ = {
			isa = XCConfigurationList;
			buildConfigurations = (
				9C95EA6523084A210004B2F8 /* Debug */,
				9C95EA6623084A210004B2F8 /* Release */,
			);
			defaultConfigurationIsVisible = 0;
			defaultConfigurationName = Release;
		};
		9C95EA6723084A210004B2F8 /* Build configuration list for PBXNativeTarget "GenrricTableViewDemo" */ = {
			isa = XCConfigurationList;
			buildConfigurations = (
				9C95EA6823084A210004B2F8 /* Debug */,
				9C95EA6923084A210004B2F8 /* Release */,
			);
			defaultConfigurationIsVisible = 0;
			defaultConfigurationName = Release;
		};
/* End XCConfigurationList section */
	};
	rootObject = 9C95EA4D23084A200004B2F8 /* Project object */;
}
